
Microsoft Visual Studio Solution File, Format Version 12.00
# Visual Studio Version 17
VisualStudioVersion = 17.11.35208.52
MinimumVisualStudioVersion = 10.0.40219.1
Project("{FAE04EC0-301F-11D3-BF4B-00C04F79EFBC}") = "Ders 1_1", "Ders 1_1\Ders 1_1.csproj", "{DB00792F-F79E-4096-932F-0E04001473A6}"
EndProject
Global
	GlobalSection(SolutionConfigurationPlatforms) = preSolution
		Debug|Any CPU = Debug|Any CPU
		Release|Any CPU = Release|Any CPU
	EndGlobalSection
	GlobalSection(ProjectConfigurationPlatforms) = postSolution
		{DB00792F-F79E-4096-932F-0E04001473A6}.Debug|Any CPU.ActiveCfg = Debug|Any CPU
		{DB00792F-F79E-4096-932F-0E04001473A6}.Debug|Any CPU.Build.0 = Debug|Any CPU
		{DB00792F-F79E-4096-932F-0E04001473A6}.Release|Any CPU.ActiveCfg = Release|Any CPU
		{DB00792F-F79E-4096-932F-0E04001473A6}.Release|Any CPU.Build.0 = Release|Any CPU
	EndGlobalSection
	GlobalSection(SolutionProperties) = preSolution
		HideSolutionNode = FALSE
	EndGlobalSection
	GlobalSection(ExtensibilityGlobals) = postSolution
		SolutionGuid = {5E87F7AA-806D-4D8F-B46D-698DCB34A259}
	EndGlobalSection
EndGlobal
